
Microsoft Visual Studio Solution File, Format Version 12.00
# Visual Studio Version 16
VisualStudioVersion = 16.0.31005.135
MinimumVisualStudioVersion = 10.0.40219.1
Project("{FAE04EC0-301F-11D3-BF4B-00C04F79EFBC}") = "PesoIdeal", "PesoIdeal.csproj", "{62A73D31-C098-4F95-8456-D2B7A033AB4C}"
EndProject
Global
	GlobalSection(SolutionConfigurationPlatforms) = preSolution
		Debug|Any CPU = Debug|Any CPU
		Release|Any CPU = Release|Any CPU
	EndGlobalSection
	GlobalSection(ProjectConfigurationPlatforms) = postSolution
		{62A73D31-C098-4F95-8456-D2B7A033AB4C}.Debug|Any CPU.ActiveCfg = Debug|Any CPU
		{62A73D31-C098-4F95-8456-D2B7A033AB4C}.Debug|Any CPU.Build.0 = Debug|Any CPU
		{62A73D31-C098-4F95-8456-D2B7A033AB4C}.Release|Any CPU.ActiveCfg = Release|Any CPU
		{62A73D31-C098-4F95-8456-D2B7A033AB4C}.Release|Any CPU.Build.0 = Release|Any CPU
	EndGlobalSection
	GlobalSection(SolutionProperties) = preSolution
		HideSolutionNode = FALSE
	EndGlobalSection
	GlobalSection(ExtensibilityGlobals) = postSolution
		SolutionGuid = {CA96701E-856E-463F-A639-180588D6F380}
	EndGlobalSection
EndGlobal
